
Microsoft Visual Studio Solution File, Format Version 12.00
# Visual Studio Version 16
VisualStudioVersion = 16.0.30114.105
MinimumVisualStudioVersion = 10.0.40219.1
Project("{9A19103F-16F7-4668-BE54-9A1E7A4F7556}") = "Currency", "Currency\Currency.csproj", "{0EDBFDAD-6CF3-4D1E-A42E-06ED6EEF0F7D}"
EndProject
Project("{FAE04EC0-301F-11D3-BF4B-00C04F79EFBC}") = "Events", "Events\Events.csproj", "{04408FCE-3234-4DD5-92F2-6101A45F5542}"
EndProject
Global
	GlobalSection(SolutionConfigurationPlatforms) = preSolution
		Debug|Any CPU = Debug|Any CPU
		Release|Any CPU = Release|Any CPU
	EndGlobalSection
	GlobalSection(ProjectConfigurationPlatforms) = postSolution
		{0EDBFDAD-6CF3-4D1E-A42E-06ED6EEF0F7D}.Debug|Any CPU.ActiveCfg = Debug|Any CPU
		{0EDBFDAD-6CF3-4D1E-A42E-06ED6EEF0F7D}.Debug|Any CPU.Build.0 = Debug|Any CPU
		{0EDBFDAD-6CF3-4D1E-A42E-06ED6EEF0F7D}.Release|Any CPU.ActiveCfg = Release|Any CPU
		{0EDBFDAD-6CF3-4D1E-A42E-06ED6EEF0F7D}.Release|Any CPU.Build.0 = Release|Any CPU
		{04408FCE-3234-4DD5-92F2-6101A45F5542}.Debug|Any CPU.ActiveCfg = Debug|Any CPU
		{04408FCE-3234-4DD5-92F2-6101A45F5542}.Debug|Any CPU.Build.0 = Debug|Any CPU
		{04408FCE-3234-4DD5-92F2-6101A45F5542}.Release|Any CPU.ActiveCfg = Release|Any CPU
		{04408FCE-3234-4DD5-92F2-6101A45F5542}.Release|Any CPU.Build.0 = Release|Any CPU
	EndGlobalSection
	GlobalSection(SolutionProperties) = preSolution
		HideSolutionNode = FALSE
	EndGlobalSection
	GlobalSection(ExtensibilityGlobals) = postSolution
		SolutionGuid = {53477B3A-568A-4E9B-BB67-C44F0B4B16D3}
	EndGlobalSection
EndGlobal
